
Microsoft Visual Studio Solution File, Format Version 12.00
# Visual Studio Version 17
VisualStudioVersion = 17.8.34525.116
MinimumVisualStudioVersion = 10.0.40219.1
Project("{2150E333-8FDC-42A3-9474-1A3956D46DE8}") = "Clients", "Clients", "{4505D996-FCE9-48DC-A5A4-43E75EE45EE0}"
EndProject
Project("{2150E333-8FDC-42A3-9474-1A3956D46DE8}") = "Gateways", "Gateways", "{13D3CD66-B4E5-4FB7-B6AF-5DFAF2A3D799}"
EndProject
Project("{2150E333-8FDC-42A3-9474-1A3956D46DE8}") = "Services", "Services", "{6450BF79-4FBE-48B3-8196-6A4712EB4C68}"
EndProject
Project("{2150E333-8FDC-42A3-9474-1A3956D46DE8}") = "01.Identity", "01.Identity", "{43DE404C-0883-476E-BB15-9762ED6C5EB2}"
EndProject
Project("{2150E333-8FDC-42A3-9474-1A3956D46DE8}") = "02.Catalog", "02.Catalog", "{78E995C2-18DC-428A-A8A0-EDC4D872759C}"
EndProject
Project("{2150E333-8FDC-42A3-9474-1A3956D46DE8}") = "03.Customer", "03.Customer", "{EDFB3BD7-9209-4EE5-A5C9-F667D9858016}"
EndProject
Project("{2150E333-8FDC-42A3-9474-1A3956D46DE8}") = "04.Order", "04.Order", "{CD668ABA-12F3-4E64-AA62-D5289D77C3F6}"
EndProject
Project("{9A19103F-16F7-4668-BE54-9A1E7A4F7556}") = "Catalog.API", "Catalog.API\Catalog.API.csproj", "{410CAFEF-DF1D-4DC5-9748-7B97742FEF9B}"
EndProject
Project("{2150E333-8FDC-42A3-9474-1A3956D46DE8}") = "API", "API", "{AE8864FC-6E1A-4793-AF58-62F6CCDDC2DC}"
EndProject
Project("{2150E333-8FDC-42A3-9474-1A3956D46DE8}") = "Services", "Services", "{FD0B7FA2-7C1A-4BDD-9A74-9B5CB29DD1AC}"
EndProject
Project("{2150E333-8FDC-42A3-9474-1A3956D46DE8}") = "Persistence", "Persistence", "{1525CEAB-6275-4CF4-B88B-1805893A5E3E}"
EndProject
Project("{2150E333-8FDC-42A3-9474-1A3956D46DE8}") = "Models", "Models", "{D7AB33A5-D10E-49AD-BEC2-86A00B84915E}"
EndProject
Project("{9A19103F-16F7-4668-BE54-9A1E7A4F7556}") = "Catalog.Domain", "Catalog.Domain\Catalog.Domain.csproj", "{BC659B6A-C1AA-4DC8-B86B-4A5F0E9B18AA}"
EndProject
Project("{9A19103F-16F7-4668-BE54-9A1E7A4F7556}") = "Catalog.Persistence.Database", "Catalog.Persistence.Database\Catalog.Persistence.Database.csproj", "{98A7902F-7FDB-400A-8B31-F76F66E87330}"
EndProject
Project("{9A19103F-16F7-4668-BE54-9A1E7A4F7556}") = "Catalog.Service.Queries", "Catalog.Service.Queries\Catalog.Service.Queries.csproj", "{17E8E1B8-574B-4131-AB77-7279926A8F7E}"
EndProject
Project("{2150E333-8FDC-42A3-9474-1A3956D46DE8}") = "Common", "Common", "{29E2D218-49F3-4BA0-BB2B-573267163E06}"
EndProject
Project("{9A19103F-16F7-4668-BE54-9A1E7A4F7556}") = "Service.Common.Collection", "Service.Common.Collection\Service.Common.Collection.csproj", "{99EBB833-6C76-4CB1-ACA5-6BFFE7660CC9}"
EndProject
Project("{9A19103F-16F7-4668-BE54-9A1E7A4F7556}") = "Service.Common.Mapping", "Service.Common.Mapping\Service.Common.Mapping.csproj", "{E106F42C-6BC4-4B25-BBF4-C352EDACCFA8}"
EndProject
Project("{9A19103F-16F7-4668-BE54-9A1E7A4F7556}") = "Service.Common.Pagging", "Service.Common.Pagging\Service.Common.Pagging.csproj", "{7AAFF4C4-B8C0-4649-996F-2A39DAE59408}"
EndProject
Project("{9A19103F-16F7-4668-BE54-9A1E7A4F7556}") = "Catalog.Service.EventHandlers", "Catalog.Service.EventHandlers\Catalog.Service.EventHandlers.csproj", "{4CA3D463-E948-44D1-9674-240D1D880CE6}"
EndProject
Project("{2150E333-8FDC-42A3-9474-1A3956D46DE8}") = "Common", "Common", "{6D1B91D1-F818-4BB8-9B40-56C6925AA184}"
EndProject
Project("{9A19103F-16F7-4668-BE54-9A1E7A4F7556}") = "Catalog.Common.Enums", "Catalog.Common.Enums\Catalog.Common.Enums.csproj", "{D303692F-A8F7-4190-B604-BC2A80FF311D}"
EndProject
Project("{2150E333-8FDC-42A3-9474-1A3956D46DE8}") = "Common", "Common", "{891EC6EE-0380-4AD9-9A43-4EF67B66CE09}"
EndProject
Project("{9A19103F-16F7-4668-BE54-9A1E7A4F7556}") = "Common.Logging", "Common.Logging\Common.Logging.csproj", "{9CD53173-D3AD-4CA2-9BE1-D91101472891}"
EndProject
Project("{2150E333-8FDC-42A3-9474-1A3956D46DE8}") = "Testing", "Testing", "{8ADC8838-BE3B-4A9B-A49C-2278221DD9C3}"
EndProject
Project("{9A19103F-16F7-4668-BE54-9A1E7A4F7556}") = "Catalog.Test", "Catalog.Test\Catalog.Test.csproj", "{02690ACA-84E2-48E1-9982-6268373F907D}"
EndProject
Project("{2150E333-8FDC-42A3-9474-1A3956D46DE8}") = "API", "API", "{6D590B71-7A5F-4B04-AFBE-0182AD4A755F}"
EndProject
Project("{2150E333-8FDC-42A3-9474-1A3956D46DE8}") = "Common", "Common", "{71BEFB06-5A52-4B49-850F-48AD89B43C50}"
EndProject
Project("{2150E333-8FDC-42A3-9474-1A3956D46DE8}") = "Models", "Models", "{B0C5BD8B-982B-495A-8779-D346768C7751}"
EndProject
Project("{2150E333-8FDC-42A3-9474-1A3956D46DE8}") = "Services", "Services", "{8CB8E3D3-1E3B-4BA9-8CCC-11190B2435B9}"
EndProject
Project("{9A19103F-16F7-4668-BE54-9A1E7A4F7556}") = "Customer.API", "Customer.API\Customer.API.csproj", "{A8C325FE-0DBD-47EE-8925-DD058C72BC86}"
EndProject
Project("{9A19103F-16F7-4668-BE54-9A1E7A4F7556}") = "Customer.Domain", "Customer.Domain\Customer.Domain.csproj", "{E826C247-5880-4C12-9688-B7C470FBA709}"
EndProject
Project("{2150E333-8FDC-42A3-9474-1A3956D46DE8}") = "Persistence", "Persistence", "{55C394A8-726E-486B-A30C-423EBED56538}"
EndProject
Project("{9A19103F-16F7-4668-BE54-9A1E7A4F7556}") = "Customer.Persistence.Database", "Customer.Persistence.Database\Customer.Persistence.Database.csproj", "{5214EF7A-E0C7-4044-A981-48A23EDD3977}"
EndProject
Project("{9A19103F-16F7-4668-BE54-9A1E7A4F7556}") = "Customer.Service.EventHandlers", "Customer.Service.EventHandlers\Customer.Service.EventHandlers.csproj", "{3AACDB20-46EE-4E54-89BA-DFB754D5DE6A}"
EndProject
Project("{9A19103F-16F7-4668-BE54-9A1E7A4F7556}") = "Customer.Service.Queries", "Customer.Service.Queries\Customer.Service.Queries.csproj", "{66BDF1F5-BE9A-4C13-8A52-6B0A191B69B4}"
EndProject
Project("{2150E333-8FDC-42A3-9474-1A3956D46DE8}") = "API", "API", "{07C93935-8136-4076-9844-AC8F8AF96BE7}"
EndProject
Project("{2150E333-8FDC-42A3-9474-1A3956D46DE8}") = "Common", "Common", "{CEA961D6-D9F6-4229-8593-7DF1C0CBC0BC}"
EndProject
Project("{2150E333-8FDC-42A3-9474-1A3956D46DE8}") = "Models", "Models", "{BC959069-C254-4582-B268-A5C24EA62CA5}"
EndProject
Project("{2150E333-8FDC-42A3-9474-1A3956D46DE8}") = "Persistence", "Persistence", "{F6EBCC82-8E08-419E-8339-37E0E6E22222}"
EndProject
Project("{2150E333-8FDC-42A3-9474-1A3956D46DE8}") = "Services", "Services", "{2966FE30-9B92-4699-8C89-AC273C0A4B73}"
EndProject
Project("{FAE04EC0-301F-11D3-BF4B-00C04F79EFBC}") = "Order.API", "Order.API\Order.API.csproj", "{C6513B5A-E23E-43F8-9943-6E4BEBE721C6}"
EndProject
Project("{FAE04EC0-301F-11D3-BF4B-00C04F79EFBC}") = "Order.Domain", "Order.Domain\Order.Domain.csproj", "{9B80261A-C720-4BEA-A600-06E136A9A865}"
EndProject
Project("{FAE04EC0-301F-11D3-BF4B-00C04F79EFBC}") = "Order.Common.Enums", "Order.Common.Enums\Order.Common.Enums.csproj", "{AE591324-9F85-4C2A-967F-E8746F4B33AB}"
EndProject
Global
	GlobalSection(SolutionConfigurationPlatforms) = preSolution
		Debug|Any CPU = Debug|Any CPU
		Release|Any CPU = Release|Any CPU
	EndGlobalSection
	GlobalSection(ProjectConfigurationPlatforms) = postSolution
		{410CAFEF-DF1D-4DC5-9748-7B97742FEF9B}.Debug|Any CPU.ActiveCfg = Debug|Any CPU
		{410CAFEF-DF1D-4DC5-9748-7B97742FEF9B}.Debug|Any CPU.Build.0 = Debug|Any CPU
		{410CAFEF-DF1D-4DC5-9748-7B97742FEF9B}.Release|Any CPU.ActiveCfg = Release|Any CPU
		{410CAFEF-DF1D-4DC5-9748-7B97742FEF9B}.Release|Any CPU.Build.0 = Release|Any CPU
		{BC659B6A-C1AA-4DC8-B86B-4A5F0E9B18AA}.Debug|Any CPU.ActiveCfg = Debug|Any CPU
		{BC659B6A-C1AA-4DC8-B86B-4A5F0E9B18AA}.Debug|Any CPU.Build.0 = Debug|Any CPU
		{BC659B6A-C1AA-4DC8-B86B-4A5F0E9B18AA}.Release|Any CPU.ActiveCfg = Release|Any CPU
		{BC659B6A-C1AA-4DC8-B86B-4A5F0E9B18AA}.Release|Any CPU.Build.0 = Release|Any CPU
		{98A7902F-7FDB-400A-8B31-F76F66E87330}.Debug|Any CPU.ActiveCfg = Debug|Any CPU
		{98A7902F-7FDB-400A-8B31-F76F66E87330}.Debug|Any CPU.Build.0 = Debug|Any CPU
		{98A7902F-7FDB-400A-8B31-F76F66E87330}.Release|Any CPU.ActiveCfg = Release|Any CPU
		{98A7902F-7FDB-400A-8B31-F76F66E87330}.Release|Any CPU.Build.0 = Release|Any CPU
		{17E8E1B8-574B-4131-AB77-7279926A8F7E}.Debug|Any CPU.ActiveCfg = Debug|Any CPU
		{17E8E1B8-574B-4131-AB77-7279926A8F7E}.Debug|Any CPU.Build.0 = Debug|Any CPU
		{17E8E1B8-574B-4131-AB77-7279926A8F7E}.Release|Any CPU.ActiveCfg = Release|Any CPU
		{17E8E1B8-574B-4131-AB77-7279926A8F7E}.Release|Any CPU.Build.0 = Release|Any CPU
		{99EBB833-6C76-4CB1-ACA5-6BFFE7660CC9}.Debug|Any CPU.ActiveCfg = Debug|Any CPU
		{99EBB833-6C76-4CB1-ACA5-6BFFE7660CC9}.Debug|Any CPU.Build.0 = Debug|Any CPU
		{99EBB833-6C76-4CB1-ACA5-6BFFE7660CC9}.Release|Any CPU.ActiveCfg = Release|Any CPU
		{99EBB833-6C76-4CB1-ACA5-6BFFE7660CC9}.Release|Any CPU.Build.0 = Release|Any CPU
		{E106F42C-6BC4-4B25-BBF4-C352EDACCFA8}.Debug|Any CPU.ActiveCfg = Debug|Any CPU
		{E106F42C-6BC4-4B25-BBF4-C352EDACCFA8}.Debug|Any CPU.Build.0 = Debug|Any CPU
		{E106F42C-6BC4-4B25-BBF4-C352EDACCFA8}.Release|Any CPU.ActiveCfg = Release|Any CPU
		{E106F42C-6BC4-4B25-BBF4-C352EDACCFA8}.Release|Any CPU.Build.0 = Release|Any CPU
		{7AAFF4C4-B8C0-4649-996F-2A39DAE59408}.Debug|Any CPU.ActiveCfg = Debug|Any CPU
		{7AAFF4C4-B8C0-4649-996F-2A39DAE59408}.Debug|Any CPU.Build.0 = Debug|Any CPU
		{7AAFF4C4-B8C0-4649-996F-2A39DAE59408}.Release|Any CPU.ActiveCfg = Release|Any CPU
		{7AAFF4C4-B8C0-4649-996F-2A39DAE59408}.Release|Any CPU.Build.0 = Release|Any CPU
		{4CA3D463-E948-44D1-9674-240D1D880CE6}.Debug|Any CPU.ActiveCfg = Debug|Any CPU
		{4CA3D463-E948-44D1-9674-240D1D880CE6}.Debug|Any CPU.Build.0 = Debug|Any CPU
		{4CA3D463-E948-44D1-9674-240D1D880CE6}.Release|Any CPU.ActiveCfg = Release|Any CPU
		{4CA3D463-E948-44D1-9674-240D1D880CE6}.Release|Any CPU.Build.0 = Release|Any CPU
		{D303692F-A8F7-4190-B604-BC2A80FF311D}.Debug|Any CPU.ActiveCfg = Debug|Any CPU
		{D303692F-A8F7-4190-B604-BC2A80FF311D}.Debug|Any CPU.Build.0 = Debug|Any CPU
		{D303692F-A8F7-4190-B604-BC2A80FF311D}.Release|Any CPU.ActiveCfg = Release|Any CPU
		{D303692F-A8F7-4190-B604-BC2A80FF311D}.Release|Any CPU.Build.0 = Release|Any CPU
		{9CD53173-D3AD-4CA2-9BE1-D91101472891}.Debug|Any CPU.ActiveCfg = Debug|Any CPU
		{9CD53173-D3AD-4CA2-9BE1-D91101472891}.Debug|Any CPU.Build.0 = Debug|Any CPU
		{9CD53173-D3AD-4CA2-9BE1-D91101472891}.Release|Any CPU.ActiveCfg = Release|Any CPU
		{9CD53173-D3AD-4CA2-9BE1-D91101472891}.Release|Any CPU.Build.0 = Release|Any CPU
		{02690ACA-84E2-48E1-9982-6268373F907D}.Debug|Any CPU.ActiveCfg = Debug|Any CPU
		{02690ACA-84E2-48E1-9982-6268373F907D}.Debug|Any CPU.Build.0 = Debug|Any CPU
		{02690ACA-84E2-48E1-9982-6268373F907D}.Release|Any CPU.ActiveCfg = Release|Any CPU
		{02690ACA-84E2-48E1-9982-6268373F907D}.Release|Any CPU.Build.0 = Release|Any CPU
		{A8C325FE-0DBD-47EE-8925-DD058C72BC86}.Debug|Any CPU.ActiveCfg = Debug|Any CPU
		{A8C325FE-0DBD-47EE-8925-DD058C72BC86}.Debug|Any CPU.Build.0 = Debug|Any CPU
		{A8C325FE-0DBD-47EE-8925-DD058C72BC86}.Release|Any CPU.ActiveCfg = Release|Any CPU
		{A8C325FE-0DBD-47EE-8925-DD058C72BC86}.Release|Any CPU.Build.0 = Release|Any CPU
		{E826C247-5880-4C12-9688-B7C470FBA709}.Debug|Any CPU.ActiveCfg = Debug|Any CPU
		{E826C247-5880-4C12-9688-B7C470FBA709}.Debug|Any CPU.Build.0 = Debug|Any CPU
		{E826C247-5880-4C12-9688-B7C470FBA709}.Release|Any CPU.ActiveCfg = Release|Any CPU
		{E826C247-5880-4C12-9688-B7C470FBA709}.Release|Any CPU.Build.0 = Release|Any CPU
		{5214EF7A-E0C7-4044-A981-48A23EDD3977}.Debug|Any CPU.ActiveCfg = Debug|Any CPU
		{5214EF7A-E0C7-4044-A981-48A23EDD3977}.Debug|Any CPU.Build.0 = Debug|Any CPU
		{5214EF7A-E0C7-4044-A981-48A23EDD3977}.Release|Any CPU.ActiveCfg = Release|Any CPU
		{5214EF7A-E0C7-4044-A981-48A23EDD3977}.Release|Any CPU.Build.0 = Release|Any CPU
		{3AACDB20-46EE-4E54-89BA-DFB754D5DE6A}.Debug|Any CPU.ActiveCfg = Debug|Any CPU
		{3AACDB20-46EE-4E54-89BA-DFB754D5DE6A}.Debug|Any CPU.Build.0 = Debug|Any CPU
		{3AACDB20-46EE-4E54-89BA-DFB754D5DE6A}.Release|Any CPU.ActiveCfg = Release|Any CPU
		{3AACDB20-46EE-4E54-89BA-DFB754D5DE6A}.Release|Any CPU.Build.0 = Release|Any CPU
		{66BDF1F5-BE9A-4C13-8A52-6B0A191B69B4}.Debug|Any CPU.ActiveCfg = Debug|Any CPU
		{66BDF1F5-BE9A-4C13-8A52-6B0A191B69B4}.Debug|Any CPU.Build.0 = Debug|Any CPU
		{66BDF1F5-BE9A-4C13-8A52-6B0A191B69B4}.Release|Any CPU.ActiveCfg = Release|Any CPU
		{66BDF1F5-BE9A-4C13-8A52-6B0A191B69B4}.Release|Any CPU.Build.0 = Release|Any CPU
		{C6513B5A-E23E-43F8-9943-6E4BEBE721C6}.Debug|Any CPU.ActiveCfg = Debug|Any CPU
		{C6513B5A-E23E-43F8-9943-6E4BEBE721C6}.Debug|Any CPU.Build.0 = Debug|Any CPU
		{C6513B5A-E23E-43F8-9943-6E4BEBE721C6}.Release|Any CPU.ActiveCfg = Release|Any CPU
		{C6513B5A-E23E-43F8-9943-6E4BEBE721C6}.Release|Any CPU.Build.0 = Release|Any CPU
		{9B80261A-C720-4BEA-A600-06E136A9A865}.Debug|Any CPU.ActiveCfg = Debug|Any CPU
		{9B80261A-C720-4BEA-A600-06E136A9A865}.Debug|Any CPU.Build.0 = Debug|Any CPU
		{9B80261A-C720-4BEA-A600-06E136A9A865}.Release|Any CPU.ActiveCfg = Release|Any CPU
		{9B80261A-C720-4BEA-A600-06E136A9A865}.Release|Any CPU.Build.0 = Release|Any CPU
		{AE591324-9F85-4C2A-967F-E8746F4B33AB}.Debug|Any CPU.ActiveCfg = Debug|Any CPU
		{AE591324-9F85-4C2A-967F-E8746F4B33AB}.Debug|Any CPU.Build.0 = Debug|Any CPU
		{AE591324-9F85-4C2A-967F-E8746F4B33AB}.Release|Any CPU.ActiveCfg = Release|Any CPU
		{AE591324-9F85-4C2A-967F-E8746F4B33AB}.Release|Any CPU.Build.0 = Release|Any CPU
	EndGlobalSection
	GlobalSection(SolutionProperties) = preSolution
		HideSolutionNode = FALSE
	EndGlobalSection
	GlobalSection(NestedProjects) = preSolution
		{43DE404C-0883-476E-BB15-9762ED6C5EB2} = {6450BF79-4FBE-48B3-8196-6A4712EB4C68}
		{78E995C2-18DC-428A-A8A0-EDC4D872759C} = {6450BF79-4FBE-48B3-8196-6A4712EB4C68}
		{EDFB3BD7-9209-4EE5-A5C9-F667D9858016} = {6450BF79-4FBE-48B3-8196-6A4712EB4C68}
		{CD668ABA-12F3-4E64-AA62-D5289D77C3F6} = {6450BF79-4FBE-48B3-8196-6A4712EB4C68}
		{410CAFEF-DF1D-4DC5-9748-7B97742FEF9B} = {AE8864FC-6E1A-4793-AF58-62F6CCDDC2DC}
		{AE8864FC-6E1A-4793-AF58-62F6CCDDC2DC} = {78E995C2-18DC-428A-A8A0-EDC4D872759C}
		{FD0B7FA2-7C1A-4BDD-9A74-9B5CB29DD1AC} = {78E995C2-18DC-428A-A8A0-EDC4D872759C}
		{1525CEAB-6275-4CF4-B88B-1805893A5E3E} = {78E995C2-18DC-428A-A8A0-EDC4D872759C}
		{D7AB33A5-D10E-49AD-BEC2-86A00B84915E} = {78E995C2-18DC-428A-A8A0-EDC4D872759C}
		{BC659B6A-C1AA-4DC8-B86B-4A5F0E9B18AA} = {D7AB33A5-D10E-49AD-BEC2-86A00B84915E}
		{98A7902F-7FDB-400A-8B31-F76F66E87330} = {1525CEAB-6275-4CF4-B88B-1805893A5E3E}
		{17E8E1B8-574B-4131-AB77-7279926A8F7E} = {FD0B7FA2-7C1A-4BDD-9A74-9B5CB29DD1AC}
		{29E2D218-49F3-4BA0-BB2B-573267163E06} = {6450BF79-4FBE-48B3-8196-6A4712EB4C68}
		{99EBB833-6C76-4CB1-ACA5-6BFFE7660CC9} = {29E2D218-49F3-4BA0-BB2B-573267163E06}
		{E106F42C-6BC4-4B25-BBF4-C352EDACCFA8} = {29E2D218-49F3-4BA0-BB2B-573267163E06}
		{7AAFF4C4-B8C0-4649-996F-2A39DAE59408} = {29E2D218-49F3-4BA0-BB2B-573267163E06}
		{4CA3D463-E948-44D1-9674-240D1D880CE6} = {FD0B7FA2-7C1A-4BDD-9A74-9B5CB29DD1AC}
		{6D1B91D1-F818-4BB8-9B40-56C6925AA184} = {78E995C2-18DC-428A-A8A0-EDC4D872759C}
		{D303692F-A8F7-4190-B604-BC2A80FF311D} = {6D1B91D1-F818-4BB8-9B40-56C6925AA184}
		{9CD53173-D3AD-4CA2-9BE1-D91101472891} = {891EC6EE-0380-4AD9-9A43-4EF67B66CE09}
		{8ADC8838-BE3B-4A9B-A49C-2278221DD9C3} = {78E995C2-18DC-428A-A8A0-EDC4D872759C}
		{02690ACA-84E2-48E1-9982-6268373F907D} = {8ADC8838-BE3B-4A9B-A49C-2278221DD9C3}
		{6D590B71-7A5F-4B04-AFBE-0182AD4A755F} = {EDFB3BD7-9209-4EE5-A5C9-F667D9858016}
		{71BEFB06-5A52-4B49-850F-48AD89B43C50} = {EDFB3BD7-9209-4EE5-A5C9-F667D9858016}
		{B0C5BD8B-982B-495A-8779-D346768C7751} = {EDFB3BD7-9209-4EE5-A5C9-F667D9858016}
		{8CB8E3D3-1E3B-4BA9-8CCC-11190B2435B9} = {EDFB3BD7-9209-4EE5-A5C9-F667D9858016}
		{A8C325FE-0DBD-47EE-8925-DD058C72BC86} = {6D590B71-7A5F-4B04-AFBE-0182AD4A755F}
		{E826C247-5880-4C12-9688-B7C470FBA709} = {B0C5BD8B-982B-495A-8779-D346768C7751}
		{55C394A8-726E-486B-A30C-423EBED56538} = {EDFB3BD7-9209-4EE5-A5C9-F667D9858016}
		{5214EF7A-E0C7-4044-A981-48A23EDD3977} = {55C394A8-726E-486B-A30C-423EBED56538}
		{3AACDB20-46EE-4E54-89BA-DFB754D5DE6A} = {8CB8E3D3-1E3B-4BA9-8CCC-11190B2435B9}
		{66BDF1F5-BE9A-4C13-8A52-6B0A191B69B4} = {8CB8E3D3-1E3B-4BA9-8CCC-11190B2435B9}
		{07C93935-8136-4076-9844-AC8F8AF96BE7} = {CD668ABA-12F3-4E64-AA62-D5289D77C3F6}
		{CEA961D6-D9F6-4229-8593-7DF1C0CBC0BC} = {CD668ABA-12F3-4E64-AA62-D5289D77C3F6}
		{BC959069-C254-4582-B268-A5C24EA62CA5} = {CD668ABA-12F3-4E64-AA62-D5289D77C3F6}
		{F6EBCC82-8E08-419E-8339-37E0E6E22222} = {CD668ABA-12F3-4E64-AA62-D5289D77C3F6}
		{2966FE30-9B92-4699-8C89-AC273C0A4B73} = {CD668ABA-12F3-4E64-AA62-D5289D77C3F6}
		{C6513B5A-E23E-43F8-9943-6E4BEBE721C6} = {07C93935-8136-4076-9844-AC8F8AF96BE7}
		{9B80261A-C720-4BEA-A600-06E136A9A865} = {BC959069-C254-4582-B268-A5C24EA62CA5}
		{AE591324-9F85-4C2A-967F-E8746F4B33AB} = {CEA961D6-D9F6-4229-8593-7DF1C0CBC0BC}
	EndGlobalSection
	GlobalSection(ExtensibilityGlobals) = postSolution
		SolutionGuid = {4F195CAD-20E3-4C32-8F7B-90C6C36E6E50}
	EndGlobalSection
EndGlobal
